
Microsoft Visual Studio Solution File, Format Version 12.00
# Visual Studio 15
VisualStudioVersion = 15.0.28307.329
MinimumVisualStudioVersion = 10.0.40219.1
Project("{9A19103F-16F7-4668-BE54-9A1E7A4F7556}") = "Steam.BBCode", "Steam.BBCode.csproj", "{4A244C8D-C89B-409F-A4D1-AA8CE1FA94BE}"
EndProject
Global
	GlobalSection(SolutionConfigurationPlatforms) = preSolution
		Debug|Any CPU = Debug|Any CPU
		Release|Any CPU = Release|Any CPU
	EndGlobalSection
	GlobalSection(ProjectConfigurationPlatforms) = postSolution
		{4A244C8D-C89B-409F-A4D1-AA8CE1FA94BE}.Debug|Any CPU.ActiveCfg = Debug|Any CPU
		{4A244C8D-C89B-409F-A4D1-AA8CE1FA94BE}.Debug|Any CPU.Build.0 = Debug|Any CPU
		{4A244C8D-C89B-409F-A4D1-AA8CE1FA94BE}.Release|Any CPU.ActiveCfg = Release|Any CPU
		{4A244C8D-C89B-409F-A4D1-AA8CE1FA94BE}.Release|Any CPU.Build.0 = Release|Any CPU
	EndGlobalSection
	GlobalSection(SolutionProperties) = preSolution
		HideSolutionNode = FALSE
	EndGlobalSection
	GlobalSection(ExtensibilityGlobals) = postSolution
		SolutionGuid = {823650FD-4BB3-4496-8BD1-9180CA3E3F27}
	EndGlobalSection
EndGlobal
